
Microsoft Visual Studio Solution File, Format Version 12.00
Project("{FAE04EC0-301F-11D3-BF4B-00C04F79EFBC}") = "RiderFunction", "RiderFunction.csproj", "{5D205DBF-0690-486C-8DFB-AFEB9E5DC90B}"
EndProject
Global
	GlobalSection(SolutionConfigurationPlatforms) = preSolution
		Debug|Any CPU = Debug|Any CPU
		Release|Any CPU = Release|Any CPU
	EndGlobalSection
	GlobalSection(ProjectConfigurationPlatforms) = postSolution
		{5D205DBF-0690-486C-8DFB-AFEB9E5DC90B}.Debug|Any CPU.ActiveCfg = Debug|Any CPU
		{5D205DBF-0690-486C-8DFB-AFEB9E5DC90B}.Debug|Any CPU.Build.0 = Debug|Any CPU
		{5D205DBF-0690-486C-8DFB-AFEB9E5DC90B}.Release|Any CPU.ActiveCfg = Release|Any CPU
		{5D205DBF-0690-486C-8DFB-AFEB9E5DC90B}.Release|Any CPU.Build.0 = Release|Any CPU
	EndGlobalSection
EndGlobal
